<?xml version="1.0" encoding="UTF-8" standalone="yes" ?>
<CodeBlocks_project_file>
	<FileVersion major="1" minor="6" />
	<Project>
		<Option title="fp" />
		<Option pch_mode="2" />
		<Option compiler="gcc" />
		<Build>
			<Target title="Debug">
				<Option output="bin/Debug/fp" prefix_auto="1" extension_auto="1" />
				<Option object_output="obj/Debug/" />
				<Option type="1" />
				<Option compiler="gcc" />
				<Compiler>
					<Add option="-g" />
					<Add option="-lglu32" />
					<Add option="-DGLEW_STATIC" />
					<Add directory="C:/Program Files (x86)/CodeBlocks/MinGW/include" />
				</Compiler>
				<Linker>
					<Add library="C:/Program Files (x86)/CodeBlocks/MinGW/lib/glew32s.lib" />
					<Add library="C:/Program Files (x86)/CodeBlocks/MinGW/lib/glew32.lib" />
					<Add library="C:/Program Files (x86)/CodeBlocks/MinGW/lib/freeglut.lib" />
					<Add library="C:/Program Files (x86)/CodeBlocks/MinGW/lib/libopengl32.a" />
					<Add directory="C:/Program Files (x86)/CodeBlocks/MinGW/lib" />
				</Linker>
			</Target>
			<Target title="Release">
				<Option output="bin/Release/fp" prefix_auto="1" extension_auto="1" />
				<Option object_output="obj/Release/" />
				<Option type="1" />
				<Option compiler="gcc" />
				<Compiler>
					<Add option="-O2" />
				</Compiler>
				<Linker>
					<Add option="-s" />
				</Linker>
			</Target>
		</Build>
		<Compiler>
			<Add option="-Wall" />
			<Add option="-DGLEW_STATIC" />
			<Add directory="../include" />
		</Compiler>
		<Linker>
			<Add library="C:/Program Files (x86)/CodeBlocks/MinGW/lib/glew32s.lib" />
			<Add library="C:/Program Files (x86)/CodeBlocks/MinGW/lib/glew32.lib" />
			<Add library="C:/Program Files (x86)/CodeBlocks/MinGW/lib/freeglut.lib" />
			<Add library="C:/Program Files (x86)/CodeBlocks/MinGW/lib/libopengl32.a" />
			<Add directory="C:/Program Files (x86)/CodeBlocks/MinGW/lib" />
		</Linker>
		<Unit filename="../Common/InitShader.cpp" />
		<Unit filename="../TUGAS/a dancing doll.cpp" />
		<Unit filename="../TUGAS/clank.obj" />
		<Unit filename="../include/Angel.h" />
		<Unit filename="../include/CheckError.h" />
		<Unit filename="../include/GL/freeglut.h" />
		<Unit filename="../include/GL/freeglut_ext.h" />
		<Unit filename="../include/GL/freeglut_std.h" />
		<Unit filename="../include/GL/gl.h" />
		<Unit filename="../include/GL/glew.h" />
		<Unit filename="../include/GL/glext.h" />
		<Unit filename="../include/GL/glut.h" />
		<Unit filename="../include/mat.h" />
		<Unit filename="../include/vec.h" />
		<Extensions>
			<code_completion />
			<envvars />
			<debugger />
		</Extensions>
	</Project>
</CodeBlocks_project_file>
